
Microsoft Visual Studio Solution File, Format Version 12.00
# Visual Studio Version 16
VisualStudioVersion = 16.0.31205.134
MinimumVisualStudioVersion = 10.0.40219.1
Project("{FAE04EC0-301F-11D3-BF4B-00C04F79EFBC}") = "CourseworkWinforms", "CourseworkWinforms\CourseworkWinforms.csproj", "{2B618BF2-F06D-41F7-A123-E9CF4A0AD14E}"
EndProject
Global
	GlobalSection(SolutionConfigurationPlatforms) = preSolution
		Debug|Any CPU = Debug|Any CPU
		Debug|x64 = Debug|x64
		Release|Any CPU = Release|Any CPU
		Release|x64 = Release|x64
	EndGlobalSection
	GlobalSection(ProjectConfigurationPlatforms) = postSolution
		{2B618BF2-F06D-41F7-A123-E9CF4A0AD14E}.Debug|Any CPU.ActiveCfg = Debug|x64
		{2B618BF2-F06D-41F7-A123-E9CF4A0AD14E}.Debug|Any CPU.Build.0 = Debug|x64
		{2B618BF2-F06D-41F7-A123-E9CF4A0AD14E}.Debug|x64.ActiveCfg = Debug|x64
		{2B618BF2-F06D-41F7-A123-E9CF4A0AD14E}.Debug|x64.Build.0 = Debug|x64
		{2B618BF2-F06D-41F7-A123-E9CF4A0AD14E}.Release|Any CPU.ActiveCfg = Release|Any CPU
		{2B618BF2-F06D-41F7-A123-E9CF4A0AD14E}.Release|Any CPU.Build.0 = Release|Any CPU
		{2B618BF2-F06D-41F7-A123-E9CF4A0AD14E}.Release|x64.ActiveCfg = Release|x64
		{2B618BF2-F06D-41F7-A123-E9CF4A0AD14E}.Release|x64.Build.0 = Release|x64
		{2B618BF2-F06D-41F7-A123-E9CF4A0AD14E}.Release|x64.Deploy.0 = Release|x64
	EndGlobalSection
	GlobalSection(SolutionProperties) = preSolution
		HideSolutionNode = FALSE
	EndGlobalSection
	GlobalSection(ExtensibilityGlobals) = postSolution
		SolutionGuid = {16291C9D-CA7D-4A3A-94F9-799DD670A75B}
	EndGlobalSection
EndGlobal
